
Microsoft Visual Studio Solution File, Format Version 12.00
# Visual Studio Version 16
VisualStudioVersion = 16.0.32106.194
MinimumVisualStudioVersion = 10.0.40219.1
Project("{9A19103F-16F7-4668-BE54-9A1E7A4F7556}") = "MyToDo", "MyToDo\MyToDo.csproj", "{D09B5922-729A-4DE9-9EA8-6FE34B165C59}"
EndProject
Project("{9A19103F-16F7-4668-BE54-9A1E7A4F7556}") = "MyToDo.Api", "MyToDo.Api\MyToDo.Api.csproj", "{BCAAC5A5-B318-4D2E-9856-EFF7A1CE91C0}"
EndProject
Project("{9A19103F-16F7-4668-BE54-9A1E7A4F7556}") = "MyToDo.Shared", "MyToDo.Dto\MyToDo.Shared.csproj", "{29EE3D97-0DF4-41BA-9CF9-292B85FE9A78}"
EndProject
Global
	GlobalSection(SolutionConfigurationPlatforms) = preSolution
		Debug|Any CPU = Debug|Any CPU
		Release|Any CPU = Release|Any CPU
	EndGlobalSection
	GlobalSection(ProjectConfigurationPlatforms) = postSolution
		{D09B5922-729A-4DE9-9EA8-6FE34B165C59}.Debug|Any CPU.ActiveCfg = Debug|Any CPU
		{D09B5922-729A-4DE9-9EA8-6FE34B165C59}.Debug|Any CPU.Build.0 = Debug|Any CPU
		{D09B5922-729A-4DE9-9EA8-6FE34B165C59}.Release|Any CPU.ActiveCfg = Release|Any CPU
		{D09B5922-729A-4DE9-9EA8-6FE34B165C59}.Release|Any CPU.Build.0 = Release|Any CPU
		{BCAAC5A5-B318-4D2E-9856-EFF7A1CE91C0}.Debug|Any CPU.ActiveCfg = Debug|Any CPU
		{BCAAC5A5-B318-4D2E-9856-EFF7A1CE91C0}.Debug|Any CPU.Build.0 = Debug|Any CPU
		{BCAAC5A5-B318-4D2E-9856-EFF7A1CE91C0}.Release|Any CPU.ActiveCfg = Release|Any CPU
		{BCAAC5A5-B318-4D2E-9856-EFF7A1CE91C0}.Release|Any CPU.Build.0 = Release|Any CPU
		{29EE3D97-0DF4-41BA-9CF9-292B85FE9A78}.Debug|Any CPU.ActiveCfg = Debug|Any CPU
		{29EE3D97-0DF4-41BA-9CF9-292B85FE9A78}.Debug|Any CPU.Build.0 = Debug|Any CPU
		{29EE3D97-0DF4-41BA-9CF9-292B85FE9A78}.Release|Any CPU.ActiveCfg = Release|Any CPU
		{29EE3D97-0DF4-41BA-9CF9-292B85FE9A78}.Release|Any CPU.Build.0 = Release|Any CPU
	EndGlobalSection
	GlobalSection(SolutionProperties) = preSolution
		HideSolutionNode = FALSE
	EndGlobalSection
	GlobalSection(ExtensibilityGlobals) = postSolution
		SolutionGuid = {D4DB7041-65FB-4EEF-89E9-43B0DE134FD5}
	EndGlobalSection
EndGlobal
